
Microsoft Visual Studio Solution File, Format Version 12.00
# Visual Studio Version 17
VisualStudioVersion = 17.4.33122.133
MinimumVisualStudioVersion = 10.0.40219.1
Project("{FAE04EC0-301F-11D3-BF4B-00C04F79EFBC}") = "VendingMachine", "VendingMachine\VendingMachine.csproj", "{F26CC04F-40D3-4B56-B2C8-B27D8DA22252}"
EndProject
Global
	GlobalSection(SolutionConfigurationPlatforms) = preSolution
		Debug|Any CPU = Debug|Any CPU
		Release|Any CPU = Release|Any CPU
	EndGlobalSection
	GlobalSection(ProjectConfigurationPlatforms) = postSolution
		{F26CC04F-40D3-4B56-B2C8-B27D8DA22252}.Debug|Any CPU.ActiveCfg = Debug|Any CPU
		{F26CC04F-40D3-4B56-B2C8-B27D8DA22252}.Debug|Any CPU.Build.0 = Debug|Any CPU
		{F26CC04F-40D3-4B56-B2C8-B27D8DA22252}.Release|Any CPU.ActiveCfg = Release|Any CPU
		{F26CC04F-40D3-4B56-B2C8-B27D8DA22252}.Release|Any CPU.Build.0 = Release|Any CPU
	EndGlobalSection
	GlobalSection(SolutionProperties) = preSolution
		HideSolutionNode = FALSE
	EndGlobalSection
	GlobalSection(ExtensibilityGlobals) = postSolution
		SolutionGuid = {E37B3DD0-E34F-49C2-B6BD-47025E90348F}
	EndGlobalSection
EndGlobal
